
Microsoft Visual Studio Solution File, Format Version 12.00
# Visual Studio 15
VisualStudioVersion = 15.0.28307.329
MinimumVisualStudioVersion = 10.0.40219.1
Project("{FAE04EC0-301F-11D3-BF4B-00C04F79EFBC}") = "CiPad", "CiPAD\CiPad.csproj", "{706860A9-7545-4F7C-9A67-CF4DA81DDE03}"
EndProject
Project("{FAE04EC0-301F-11D3-BF4B-00C04F79EFBC}") = "CiTo", "CiTo\CiTo.csproj", "{25A49704-6805-4792-B445-DF8F08414AE5}"
EndProject
Project("{FAE04EC0-301F-11D3-BF4B-00C04F79EFBC}") = "CiViewer", "CiViewer\CiViewer.csproj", "{6BC80053-8B67-4873-8899-193208F91EC6}"
EndProject
Global
	GlobalSection(SolutionConfigurationPlatforms) = preSolution
		Debug|Any CPU = Debug|Any CPU
		Debug|x86 = Debug|x86
		Release|Any CPU = Release|Any CPU
		Release|x86 = Release|x86
	EndGlobalSection
	GlobalSection(ProjectConfigurationPlatforms) = postSolution
		{706860A9-7545-4F7C-9A67-CF4DA81DDE03}.Debug|Any CPU.ActiveCfg = Debug|Any CPU
		{706860A9-7545-4F7C-9A67-CF4DA81DDE03}.Debug|Any CPU.Build.0 = Debug|Any CPU
		{706860A9-7545-4F7C-9A67-CF4DA81DDE03}.Debug|x86.ActiveCfg = Debug|Any CPU
		{706860A9-7545-4F7C-9A67-CF4DA81DDE03}.Debug|x86.Build.0 = Debug|Any CPU
		{706860A9-7545-4F7C-9A67-CF4DA81DDE03}.Release|Any CPU.ActiveCfg = Release|Any CPU
		{706860A9-7545-4F7C-9A67-CF4DA81DDE03}.Release|Any CPU.Build.0 = Release|Any CPU
		{706860A9-7545-4F7C-9A67-CF4DA81DDE03}.Release|x86.ActiveCfg = Release|Any CPU
		{706860A9-7545-4F7C-9A67-CF4DA81DDE03}.Release|x86.Build.0 = Release|Any CPU
		{25A49704-6805-4792-B445-DF8F08414AE5}.Debug|Any CPU.ActiveCfg = Debug|x86
		{25A49704-6805-4792-B445-DF8F08414AE5}.Debug|x86.ActiveCfg = Debug|x86
		{25A49704-6805-4792-B445-DF8F08414AE5}.Debug|x86.Build.0 = Debug|x86
		{25A49704-6805-4792-B445-DF8F08414AE5}.Release|Any CPU.ActiveCfg = Release|x86
		{25A49704-6805-4792-B445-DF8F08414AE5}.Release|x86.ActiveCfg = Release|x86
		{25A49704-6805-4792-B445-DF8F08414AE5}.Release|x86.Build.0 = Release|x86
		{6BC80053-8B67-4873-8899-193208F91EC6}.Debug|Any CPU.ActiveCfg = Debug|x86
		{6BC80053-8B67-4873-8899-193208F91EC6}.Debug|x86.ActiveCfg = Debug|x86
		{6BC80053-8B67-4873-8899-193208F91EC6}.Debug|x86.Build.0 = Debug|x86
		{6BC80053-8B67-4873-8899-193208F91EC6}.Release|Any CPU.ActiveCfg = Release|x86
		{6BC80053-8B67-4873-8899-193208F91EC6}.Release|x86.ActiveCfg = Release|x86
		{6BC80053-8B67-4873-8899-193208F91EC6}.Release|x86.Build.0 = Release|x86
	EndGlobalSection
	GlobalSection(SolutionProperties) = preSolution
		HideSolutionNode = FALSE
	EndGlobalSection
	GlobalSection(ExtensibilityGlobals) = postSolution
		SolutionGuid = {610EA534-22A9-4889-B7CB-2D69A061AD90}
	EndGlobalSection
EndGlobal
