
Microsoft Visual Studio Solution File, Format Version 11.00
# Visual Studio 2010
Project("{FAE04EC0-301F-11D3-BF4B-00C04F79EFBC}") = "CiTo", "CiToCLI\CiTo.csproj", "{25A49704-6805-4792-B445-DF8F08414AE5}"
EndProject
Project("{FAE04EC0-301F-11D3-BF4B-00C04F79EFBC}") = "CiToViewer", "CiToViewer\CiToViewer.csproj", "{6BC80053-8B67-4873-8899-193208F91EC6}"
EndProject
Project("{FAE04EC0-301F-11D3-BF4B-00C04F79EFBC}") = "CiPad", "CiToPAD\CiPad.csproj", "{706860A9-7545-4F7C-9A67-CF4DA81DDE03}"
EndProject
Global
	GlobalSection(SolutionConfigurationPlatforms) = preSolution
		Debug|x86 = Debug|x86
		Release|x86 = Release|x86
	EndGlobalSection
	GlobalSection(ProjectConfigurationPlatforms) = postSolution
		{25A49704-6805-4792-B445-DF8F08414AE5}.Debug|x86.ActiveCfg = Debug|x86
		{25A49704-6805-4792-B445-DF8F08414AE5}.Debug|x86.Build.0 = Debug|x86
		{25A49704-6805-4792-B445-DF8F08414AE5}.Release|x86.ActiveCfg = Release|x86
		{25A49704-6805-4792-B445-DF8F08414AE5}.Release|x86.Build.0 = Release|x86
		{6BC80053-8B67-4873-8899-193208F91EC6}.Debug|x86.ActiveCfg = Debug|x86
		{6BC80053-8B67-4873-8899-193208F91EC6}.Debug|x86.Build.0 = Debug|x86
		{6BC80053-8B67-4873-8899-193208F91EC6}.Release|x86.ActiveCfg = Release|x86
		{6BC80053-8B67-4873-8899-193208F91EC6}.Release|x86.Build.0 = Release|x86
		{706860A9-7545-4F7C-9A67-CF4DA81DDE03}.Debug|x86.ActiveCfg = Debug|Any CPU
		{706860A9-7545-4F7C-9A67-CF4DA81DDE03}.Debug|x86.Build.0 = Debug|Any CPU
		{706860A9-7545-4F7C-9A67-CF4DA81DDE03}.Release|x86.ActiveCfg = Release|Any CPU
		{706860A9-7545-4F7C-9A67-CF4DA81DDE03}.Release|x86.Build.0 = Release|Any CPU
	EndGlobalSection
	GlobalSection(MonoDevelopProperties) = preSolution
		StartupItems = $0
		$0.Item = CiToViewer\CiToViewer.csproj
		Policies = $1
		$1.TextStylePolicy = $2
		$2.FileWidth = 200
		$2.TabWidth = 2
		$2.IndentWidth = 2
		$2.EolMarker = Unix
		$2.inheritsSet = VisualStudio
		$2.inheritsScope = text/plain
		$2.scope = text/x-csharp
		$1.CSharpFormattingPolicy = $3
		$3.IndentSwitchBody = True
		$3.NamespaceBraceStyle = EndOfLine
		$3.ClassBraceStyle = EndOfLine
		$3.InterfaceBraceStyle = EndOfLine
		$3.StructBraceStyle = EndOfLine
		$3.EnumBraceStyle = EndOfLine
		$3.MethodBraceStyle = EndOfLine
		$3.ConstructorBraceStyle = EndOfLine
		$3.DestructorBraceStyle = EndOfLine
		$3.ElseNewLinePlacement = NewLine
		$3.ElseIfNewLinePlacement = SameLine
		$3.CatchNewLinePlacement = NewLine
		$3.FinallyNewLinePlacement = NewLine
		$3.WhileNewLinePlacement = NewLine
		$3.BeforeMethodDeclarationParentheses = False
		$3.BeforeMethodCallParentheses = False
		$3.BeforeConstructorDeclarationParentheses = False
		$3.BeforeIndexerDeclarationBracket = False
		$3.BeforeDelegateDeclarationParentheses = False
		$3.NewParentheses = False
		$3.SpacesBeforeBrackets = False
		$3.BlankLinesBeforeUsings = 1
		$3.BlankLinesBeforeFirstDeclaration = 1
		$3.MethodCallArgumentWrapping = DoNotWrap
		$3.MethodDeclarationParameterWrapping = DoNotWrap
		$3.IndexerDeclarationParameterWrapping = DoNotWrap
		$3.IndexerArgumentWrapping = DoNotWrap
		$3.inheritsSet = Mono
		$3.inheritsScope = text/x-csharp
		$3.scope = text/x-csharp
		$1.TextStylePolicy = $4
		$4.FileWidth = 120
		$4.TabsToSpaces = False
		$4.inheritsSet = VisualStudio
		$4.inheritsScope = text/plain
		$4.scope = text/plain
		version = 0.5
	EndGlobalSection
EndGlobal
